// !$*UTF8*$!
{
	archiveVersion = 1;
	classes = {
	};
	objectVersion = 56;
	objects = {

/* Begin PBXBuildFile section */
		4A02E0F62C40728A00896A4E /* AppDelegate.swift in Sources */ = {isa = PBXBuildFile; fileRef = 4A02E0F52C40728A00896A4E /* AppDelegate.swift */; };
		4A02E0F82C40728A00896A4E /* SceneDelegate.swift in Sources */ = {isa = PBXBuildFile; fileRef = 4A02E0F72C40728A00896A4E /* SceneDelegate.swift */; };
		4A02E0FA2C40728A00896A4E /* ViewController.swift in Sources */ = {isa = PBXBuildFile; fileRef = 4A02E0F92C40728A00896A4E /* ViewController.swift */; };
		4A02E0FD2C40728A00896A4E /* Main.storyboard in Resources */ = {isa = PBXBuildFile; fileRef = 4A02E0FB2C40728A00896A4E /* Main.storyboard */; };
		4A02E0FF2C40728C00896A4E /* Assets.xcassets in Resources */ = {isa = PBXBuildFile; fileRef = 4A02E0FE2C40728C00896A4E /* Assets.xcassets */; };
		4A02E1022C40728C00896A4E /* LaunchScreen.storyboard in Resources */ = {isa = PBXBuildFile; fileRef = 4A02E1002C40728C00896A4E /* LaunchScreen.storyboard */; };
		4A02E10D2C40728C00896A4E /* Test_SCEP_repoTests.swift in Sources */ = {isa = PBXBuildFile; fileRef = 4A02E10C2C40728C00896A4E /* Test_SCEP_repoTests.swift */; };
		4A02E1172C40728C00896A4E /* Test_SCEP_repoUITests.swift in Sources */ = {isa = PBXBuildFile; fileRef = 4A02E1162C40728C00896A4E /* Test_SCEP_repoUITests.swift */; };
		4A02E1192C40728C00896A4E /* Test_SCEP_repoUITestsLaunchTests.swift in Sources */ = {isa = PBXBuildFile; fileRef = 4A02E1182C40728C00896A4E /* Test_SCEP_repoUITestsLaunchTests.swift */; };
/* End PBXBuildFile section */

/* Begin PBXContainerItemProxy section */
		4A02E1092C40728C00896A4E /* PBXContainerItemProxy */ = {
			isa = PBXContainerItemProxy;
			containerPortal = 4A02E0EA2C40728A00896A4E /* Project object */;
			proxyType = 1;
			remoteGlobalIDString = 4A02E0F12C40728A00896A4E;
			remoteInfo = "Test-SCEP-repo";
		};
		4A02E1132C40728C00896A4E /* PBXContainerItemProxy */ = {
			isa = PBXContainerItemProxy;
			containerPortal = 4A02E0EA2C40728A00896A4E /* Project object */;
			proxyType = 1;
			remoteGlobalIDString = 4A02E0F12C40728A00896A4E;
			remoteInfo = "Test-SCEP-repo";
		};
/* End PBXContainerItemProxy section */

/* Begin PBXFileReference section */
		4A02E0F22C40728A00896A4E /* Test-SCEP-repo.app */ = {isa = PBXFileReference; explicitFileType = wrapper.application; includeInIndex = 0; path = "Test-SCEP-repo.app"; sourceTree = BUILT_PRODUCTS_DIR; };
		4A02E0F52C40728A00896A4E /* AppDelegate.swift */ = {isa = PBXFileReference; lastKnownFileType = sourcecode.swift; path = AppDelegate.swift; sourceTree = "<group>"; };
		4A02E0F72C40728A00896A4E /* SceneDelegate.swift */ = {isa = PBXFileReference; lastKnownFileType = sourcecode.swift; path = SceneDelegate.swift; sourceTree = "<group>"; };
		4A02E0F92C40728A00896A4E /* ViewController.swift */ = {isa = PBXFileReference; lastKnownFileType = sourcecode.swift; path = ViewController.swift; sourceTree = "<group>"; };
		4A02E0FC2C40728A00896A4E /* Base */ = {isa = PBXFileReference; lastKnownFileType = file.storyboard; name = Base; path = Base.lproj/Main.storyboard; sourceTree = "<group>"; };
		4A02E0FE2C40728C00896A4E /* Assets.xcassets */ = {isa = PBXFileReference; lastKnownFileType = folder.assetcatalog; path = Assets.xcassets; sourceTree = "<group>"; };
		4A02E1012C40728C00896A4E /* Base */ = {isa = PBXFileReference; lastKnownFileType = file.storyboard; name = Base; path = Base.lproj/LaunchScreen.storyboard; sourceTree = "<group>"; };
		4A02E1032C40728C00896A4E /* Info.plist */ = {isa = PBXFileReference; lastKnownFileType = text.plist.xml; path = Info.plist; sourceTree = "<group>"; };
		4A02E1082C40728C00896A4E /* Test-SCEP-repoTests.xctest */ = {isa = PBXFileReference; explicitFileType = wrapper.cfbundle; includeInIndex = 0; path = "Test-SCEP-repoTests.xctest"; sourceTree = BUILT_PRODUCTS_DIR; };
		4A02E10C2C40728C00896A4E /* Test_SCEP_repoTests.swift */ = {isa = PBXFileReference; lastKnownFileType = sourcecode.swift; path = Test_SCEP_repoTests.swift; sourceTree = "<group>"; };
		4A02E1122C40728C00896A4E /* Test-SCEP-repoUITests.xctest */ = {isa = PBXFileReference; explicitFileType = wrapper.cfbundle; includeInIndex = 0; path = "Test-SCEP-repoUITests.xctest"; sourceTree = BUILT_PRODUCTS_DIR; };
		4A02E1162C40728C00896A4E /* Test_SCEP_repoUITests.swift */ = {isa = PBXFileReference; lastKnownFileType = sourcecode.swift; path = Test_SCEP_repoUITests.swift; sourceTree = "<group>"; };
		4A02E1182C40728C00896A4E /* Test_SCEP_repoUITestsLaunchTests.swift */ = {isa = PBXFileReference; lastKnownFileType = sourcecode.swift; path = Test_SCEP_repoUITestsLaunchTests.swift; sourceTree = "<group>"; };
/* End PBXFileReference section */

/* Begin PBXFrameworksBuildPhase section */
		4A02E0EF2C40728A00896A4E /* Frameworks */ = {
			isa = PBXFrameworksBuildPhase;
			buildActionMask = 2147483647;
			files = (
			);
			runOnlyForDeploymentPostprocessing = 0;
		};
		4A02E1052C40728C00896A4E /* Frameworks */ = {
			isa = PBXFrameworksBuildPhase;
			buildActionMask = 2147483647;
			files = (
			);
			runOnlyForDeploymentPostprocessing = 0;
		};
		4A02E10F2C40728C00896A4E /* Frameworks */ = {
			isa = PBXFrameworksBuildPhase;
			buildActionMask = 2147483647;
			files = (
			);
			runOnlyForDeploymentPostprocessing = 0;
		};
/* End PBXFrameworksBuildPhase section */

/* Begin PBXGroup section */
		4A02E0E92C40728A00896A4E = {
			isa = PBXGroup;
			children = (
				4A02E0F42C40728A00896A4E /* Test-SCEP-repo */,
				4A02E10B2C40728C00896A4E /* Test-SCEP-repoTests */,
				4A02E1152C40728C00896A4E /* Test-SCEP-repoUITests */,
				4A02E0F32C40728A00896A4E /* Products */,
			);
			sourceTree = "<group>";
		};
		4A02E0F32C40728A00896A4E /* Products */ = {
			isa = PBXGroup;
			children = (
				4A02E0F22C40728A00896A4E /* Test-SCEP-repo.app */,
				4A02E1082C40728C00896A4E /* Test-SCEP-repoTests.xctest */,
				4A02E1122C40728C00896A4E /* Test-SCEP-repoUITests.xctest */,
			);
			name = Products;
			sourceTree = "<group>";
		};
		4A02E0F42C40728A00896A4E /* Test-SCEP-repo */ = {
			isa = PBXGroup;
			children = (
				4A02E0F52C40728A00896A4E /* AppDelegate.swift */,
				4A02E0F72C40728A00896A4E /* SceneDelegate.swift */,
				4A02E0F92C40728A00896A4E /* ViewController.swift */,
				4A02E0FB2C40728A00896A4E /* Main.storyboard */,
				4A02E0FE2C40728C00896A4E /* Assets.xcassets */,
				4A02E1002C40728C00896A4E /* LaunchScreen.storyboard */,
				4A02E1032C40728C00896A4E /* Info.plist */,
			);
			path = "Test-SCEP-repo";
			sourceTree = "<group>";
		};
		4A02E10B2C40728C00896A4E /* Test-SCEP-repoTests */ = {
			isa = PBXGroup;
			children = (
				4A02E10C2C40728C00896A4E /* Test_SCEP_repoTests.swift */,
			);
			path = "Test-SCEP-repoTests";
			sourceTree = "<group>";
		};
		4A02E1152C40728C00896A4E /* Test-SCEP-repoUITests */ = {
			isa = PBXGroup;
			children = (
				4A02E1162C40728C00896A4E /* Test_SCEP_repoUITests.swift */,
				4A02E1182C40728C00896A4E /* Test_SCEP_repoUITestsLaunchTests.swift */,
			);
			path = "Test-SCEP-repoUITests";
			sourceTree = "<group>";
		};
/* End PBXGroup section */

/* Begin PBXNativeTarget section */
		4A02E0F12C40728A00896A4E /* Test-SCEP-repo */ = {
			isa = PBXNativeTarget;
			buildConfigurationList = 4A02E11C2C40728C00896A4E /* Build configuration list for PBXNativeTarget "Test-SCEP-repo" */;
			buildPhases = (
				4A02E0EE2C40728A00896A4E /* Sources */,
				4A02E0EF2C40728A00896A4E /* Frameworks */,
				4A02E0F02C40728A00896A4E /* Resources */,
			);
			buildRules = (
			);
			dependencies = (
			);
			name = "Test-SCEP-repo";
			productName = "Test-SCEP-repo";
			productReference = 4A02E0F22C40728A00896A4E /* Test-SCEP-repo.app */;
			productType = "com.apple.product-type.application";
		};
		4A02E1072C40728C00896A4E /* Test-SCEP-repoTests */ = {
			isa = PBXNativeTarget;
			buildConfigurationList = 4A02E11F2C40728C00896A4E /* Build configuration list for PBXNativeTarget "Test-SCEP-repoTests" */;
			buildPhases = (
				4A02E1042C40728C00896A4E /* Sources */,
				4A02E1052C40728C00896A4E /* Frameworks */,
				4A02E1062C40728C00896A4E /* Resources */,
			);
			buildRules = (
			);
			dependencies = (
				4A02E10A2C40728C00896A4E /* PBXTargetDependency */,
			);
			name = "Test-SCEP-repoTests";
			productName = "Test-SCEP-repoTests";
			productReference = 4A02E1082C40728C00896A4E /* Test-SCEP-repoTests.xctest */;
			productType = "com.apple.product-type.bundle.unit-test";
		};
		4A02E1112C40728C00896A4E /* Test-SCEP-repoUITests */ = {
			isa = PBXNativeTarget;
			buildConfigurationList = 4A02E1222C40728C00896A4E /* Build configuration list for PBXNativeTarget "Test-SCEP-repoUITests" */;
			buildPhases = (
				4A02E10E2C40728C00896A4E /* Sources */,
				4A02E10F2C40728C00896A4E /* Frameworks */,
				4A02E1102C40728C00896A4E /* Resources */,
			);
			buildRules = (
			);
			dependencies = (
				4A02E1142C40728C00896A4E /* PBXTargetDependency */,
			);
			name = "Test-SCEP-repoUITests";
			productName = "Test-SCEP-repoUITests";
			productReference = 4A02E1122C40728C00896A4E /* Test-SCEP-repoUITests.xctest */;
			productType = "com.apple.product-type.bundle.ui-testing";
		};
/* End PBXNativeTarget section */

/* Begin PBXProject section */
		4A02E0EA2C40728A00896A4E /* Project object */ = {
			isa = PBXProject;
			attributes = {
				BuildIndependentTargetsInParallel = 1;
				LastSwiftUpdateCheck = 1520;
				LastUpgradeCheck = 1520;
				TargetAttributes = {
					4A02E0F12C40728A00896A4E = {
						CreatedOnToolsVersion = 15.2;
					};
					4A02E1072C40728C00896A4E = {
						CreatedOnToolsVersion = 15.2;
						TestTargetID = 4A02E0F12C40728A00896A4E;
					};
					4A02E1112C40728C00896A4E = {
						CreatedOnToolsVersion = 15.2;
						TestTargetID = 4A02E0F12C40728A00896A4E;
					};
				};
			};
			buildConfigurationList = 4A02E0ED2C40728A00896A4E /* Build configuration list for PBXProject "Test-SCEP-repo" */;
			compatibilityVersion = "Xcode 14.0";
			developmentRegion = en;
			hasScannedForEncodings = 0;
			knownRegions = (
				en,
				Base,
			);
			mainGroup = 4A02E0E92C40728A00896A4E;
			productRefGroup = 4A02E0F32C40728A00896A4E /* Products */;
			projectDirPath = "";
			projectRoot = "";
			targets = (
				4A02E0F12C40728A00896A4E /* Test-SCEP-repo */,
				4A02E1072C40728C00896A4E /* Test-SCEP-repoTests */,
				4A02E1112C40728C00896A4E /* Test-SCEP-repoUITests */,
			);
		};
/* End PBXProject section */

/* Begin PBXResourcesBuildPhase section */
		4A02E0F02C40728A00896A4E /* Resources */ = {
			isa = PBXResourcesBuildPhase;
			buildActionMask = 2147483647;
			files = (
				4A02E1022C40728C00896A4E /* LaunchScreen.storyboard in Resources */,
				4A02E0FF2C40728C00896A4E /* Assets.xcassets in Resources */,
				4A02E0FD2C40728A00896A4E /* Main.storyboard in Resources */,
			);
			runOnlyForDeploymentPostprocessing = 0;
		};
		4A02E1062C40728C00896A4E /* Resources */ = {
			isa = PBXResourcesBuildPhase;
			buildActionMask = 2147483647;
			files = (
			);
			runOnlyForDeploymentPostprocessing = 0;
		};
		4A02E1102C40728C00896A4E /* Resources */ = {
			isa = PBXResourcesBuildPhase;
			buildActionMask = 2147483647;
			files = (
			);
			runOnlyForDeploymentPostprocessing = 0;
		};
/* End PBXResourcesBuildPhase section */

/* Begin PBXSourcesBuildPhase section */
		4A02E0EE2C40728A00896A4E /* Sources */ = {
			isa = PBXSourcesBuildPhase;
			buildActionMask = 2147483647;
			files = (
				4A02E0FA2C40728A00896A4E /* ViewController.swift in Sources */,
				4A02E0F62C40728A00896A4E /* AppDelegate.swift in Sources */,
				4A02E0F82C40728A00896A4E /* SceneDelegate.swift in Sources */,
			);
			runOnlyForDeploymentPostprocessing = 0;
		};
		4A02E1042C40728C00896A4E /* Sources */ = {
			isa = PBXSourcesBuildPhase;
			buildActionMask = 2147483647;
			files = (
				4A02E10D2C40728C00896A4E /* Test_SCEP_repoTests.swift in Sources */,
			);
			runOnlyForDeploymentPostprocessing = 0;
		};
		4A02E10E2C40728C00896A4E /* Sources */ = {
			isa = PBXSourcesBuildPhase;
			buildActionMask = 2147483647;
			files = (
				4A02E1172C40728C00896A4E /* Test_SCEP_repoUITests.swift in Sources */,
				4A02E1192C40728C00896A4E /* Test_SCEP_repoUITestsLaunchTests.swift in Sources */,
			);
			runOnlyForDeploymentPostprocessing = 0;
		};
/* End PBXSourcesBuildPhase section */

/* Begin PBXTargetDependency section */
		4A02E10A2C40728C00896A4E /* PBXTargetDependency */ = {
			isa = PBXTargetDependency;
			target = 4A02E0F12C40728A00896A4E /* Test-SCEP-repo */;
			targetProxy = 4A02E1092C40728C00896A4E /* PBXContainerItemProxy */;
		};
		4A02E1142C40728C00896A4E /* PBXTargetDependency */ = {
			isa = PBXTargetDependency;
			target = 4A02E0F12C40728A00896A4E /* Test-SCEP-repo */;
			targetProxy = 4A02E1132C40728C00896A4E /* PBXContainerItemProxy */;
		};
/* End PBXTargetDependency section */

/* Begin PBXVariantGroup section */
		4A02E0FB2C40728A00896A4E /* Main.storyboard */ = {
			isa = PBXVariantGroup;
			children = (
				4A02E0FC2C40728A00896A4E /* Base */,
			);
			name = Main.storyboard;
			sourceTree = "<group>";
		};
		4A02E1002C40728C00896A4E /* LaunchScreen.storyboard */ = {
			isa = PBXVariantGroup;
			children = (
				4A02E1012C40728C00896A4E /* Base */,
			);
			name = LaunchScreen.storyboard;
			sourceTree = "<group>";
		};
/* End PBXVariantGroup section */

/* Begin XCBuildConfiguration section */
		4A02E11A2C40728C00896A4E /* Debug */ = {
			isa = XCBuildConfiguration;
			buildSettings = {
				ALWAYS_SEARCH_USER_PATHS = NO;
				ASSETCATALOG_COMPILER_GENERATE_SWIFT_ASSET_SYMBOL_EXTENSIONS = YES;
				CLANG_ANALYZER_NONNULL = YES;
				CLANG_ANALYZER_NUMBER_OBJECT_CONVERSION = YES_AGGRESSIVE;
				CLANG_CXX_LANGUAGE_STANDARD = "gnu++20";
				CLANG_ENABLE_MODULES = YES;
				CLANG_ENABLE_OBJC_ARC = YES;
				CLANG_ENABLE_OBJC_WEAK = YES;
				CLANG_WARN_BLOCK_CAPTURE_AUTORELEASING = YES;
				CLANG_WARN_BOOL_CONVERSION = YES;
				CLANG_WARN_COMMA = YES;
				CLANG_WARN_CONSTANT_CONVERSION = YES;
				CLANG_WARN_DEPRECATED_OBJC_IMPLEMENTATIONS = YES;
				CLANG_WARN_DIRECT_OBJC_ISA_USAGE = YES_ERROR;
				CLANG_WARN_DOCUMENTATION_COMMENTS = YES;
				CLANG_WARN_EMPTY_BODY = YES;
				CLANG_WARN_ENUM_CONVERSION = YES;
				CLANG_WARN_INFINITE_RECURSION = YES;
				CLANG_WARN_INT_CONVERSION = YES;
				CLANG_WARN_NON_LITERAL_NULL_CONVERSION = YES;
				CLANG_WARN_OBJC_IMPLICIT_RETAIN_SELF = YES;
				CLANG_WARN_OBJC_LITERAL_CONVERSION = YES;
				CLANG_WARN_OBJC_ROOT_CLASS = YES_ERROR;
				CLANG_WARN_QUOTED_INCLUDE_IN_FRAMEWORK_HEADER = YES;
				CLANG_WARN_RANGE_LOOP_ANALYSIS = YES;
				CLANG_WARN_STRICT_PROTOTYPES = YES;
				CLANG_WARN_SUSPICIOUS_MOVE = YES;
				CLANG_WARN_UNGUARDED_AVAILABILITY = YES_AGGRESSIVE;
				CLANG_WARN_UNREACHABLE_CODE = YES;
				CLANG_WARN__DUPLICATE_METHOD_MATCH = YES;
				COPY_PHASE_STRIP = NO;
				DEBUG_INFORMATION_FORMAT = dwarf;
				ENABLE_STRICT_OBJC_MSGSEND = YES;
				ENABLE_TESTABILITY = YES;
				ENABLE_USER_SCRIPT_SANDBOXING = YES;
				GCC_C_LANGUAGE_STANDARD = gnu17;
				GCC_DYNAMIC_NO_PIC = NO;
				GCC_NO_COMMON_BLOCKS = YES;
				GCC_OPTIMIZATION_LEVEL = 0;
				GCC_PREPROCESSOR_DEFINITIONS = (
					"DEBUG=1",
					"$(inherited)",
				);
				GCC_WARN_64_TO_32_BIT_CONVERSION = YES;
				GCC_WARN_ABOUT_RETURN_TYPE = YES_ERROR;
				GCC_WARN_UNDECLARED_SELECTOR = YES;
				GCC_WARN_UNINITIALIZED_AUTOS = YES_AGGRESSIVE;
				GCC_WARN_UNUSED_FUNCTION = YES;
				GCC_WARN_UNUSED_VARIABLE = YES;
				IPHONEOS_DEPLOYMENT_TARGET = 17.2;
				LOCALIZATION_PREFERS_STRING_CATALOGS = YES;
				MTL_ENABLE_DEBUG_INFO = INCLUDE_SOURCE;
				MTL_FAST_MATH = YES;
				ONLY_ACTIVE_ARCH = YES;
				SDKROOT = iphoneos;
				SWIFT_ACTIVE_COMPILATION_CONDITIONS = "DEBUG $(inherited)";
				SWIFT_OPTIMIZATION_LEVEL = "-Onone";
			};
			name = Debug;
		};
		4A02E11B2C40728C00896A4E /* Release */ = {
			isa = XCBuildConfiguration;
			buildSettings = {
				ALWAYS_SEARCH_USER_PATHS = NO;
				ASSETCATALOG_COMPILER_GENERATE_SWIFT_ASSET_SYMBOL_EXTENSIONS = YES;
				CLANG_ANALYZER_NONNULL = YES;
				CLANG_ANALYZER_NUMBER_OBJECT_CONVERSION = YES_AGGRESSIVE;
				CLANG_CXX_LANGUAGE_STANDARD = "gnu++20";
				CLANG_ENABLE_MODULES = YES;
				CLANG_ENABLE_OBJC_ARC = YES;
				CLANG_ENABLE_OBJC_WEAK = YES;
				CLANG_WARN_BLOCK_CAPTURE_AUTORELEASING = YES;
				CLANG_WARN_BOOL_CONVERSION = YES;
				CLANG_WARN_COMMA = YES;
				CLANG_WARN_CONSTANT_CONVERSION = YES;
				CLANG_WARN_DEPRECATED_OBJC_IMPLEMENTATIONS = YES;
				CLANG_WARN_DIRECT_OBJC_ISA_USAGE = YES_ERROR;
				CLANG_WARN_DOCUMENTATION_COMMENTS = YES;
				CLANG_WARN_EMPTY_BODY = YES;
				CLANG_WARN_ENUM_CONVERSION = YES;
				CLANG_WARN_INFINITE_RECURSION = YES;
				CLANG_WARN_INT_CONVERSION = YES;
				CLANG_WARN_NON_LITERAL_NULL_CONVERSION = YES;
				CLANG_WARN_OBJC_IMPLICIT_RETAIN_SELF = YES;
				CLANG_WARN_OBJC_LITERAL_CONVERSION = YES;
				CLANG_WARN_OBJC_ROOT_CLASS = YES_ERROR;
				CLANG_WARN_QUOTED_INCLUDE_IN_FRAMEWORK_HEADER = YES;
				CLANG_WARN_RANGE_LOOP_ANALYSIS = YES;
				CLANG_WARN_STRICT_PROTOTYPES = YES;
				CLANG_WARN_SUSPICIOUS_MOVE = YES;
				CLANG_WARN_UNGUARDED_AVAILABILITY = YES_AGGRESSIVE;
				CLANG_WARN_UNREACHABLE_CODE = YES;
				CLANG_WARN__DUPLICATE_METHOD_MATCH = YES;
				COPY_PHASE_STRIP = NO;
				DEBUG_INFORMATION_FORMAT = "dwarf-with-dsym";
				ENABLE_NS_ASSERTIONS = NO;
				ENABLE_STRICT_OBJC_MSGSEND = YES;
				ENABLE_USER_SCRIPT_SANDBOXING = YES;
				GCC_C_LANGUAGE_STANDARD = gnu17;
				GCC_NO_COMMON_BLOCKS = YES;
				GCC_WARN_64_TO_32_BIT_CONVERSION = YES;
				GCC_WARN_ABOUT_RETURN_TYPE = YES_ERROR;
				GCC_WARN_UNDECLARED_SELECTOR = YES;
				GCC_WARN_UNINITIALIZED_AUTOS = YES_AGGRESSIVE;
				GCC_WARN_UNUSED_FUNCTION = YES;
				GCC_WARN_UNUSED_VARIABLE = YES;
				IPHONEOS_DEPLOYMENT_TARGET = 17.2;
				LOCALIZATION_PREFERS_STRING_CATALOGS = YES;
				MTL_ENABLE_DEBUG_INFO = NO;
				MTL_FAST_MATH = YES;
				SDKROOT = iphoneos;
				SWIFT_COMPILATION_MODE = wholemodule;
				VALIDATE_PRODUCT = YES;
			};
			name = Release;
		};
		4A02E11D2C40728C00896A4E /* Debug */ = {
			isa = XCBuildConfiguration;
			buildSettings = {
				ASSETCATALOG_COMPILER_APPICON_NAME = AppIcon;
				ASSETCATALOG_COMPILER_GLOBAL_ACCENT_COLOR_NAME = AccentColor;
				CODE_SIGN_STYLE = Automatic;
				CURRENT_PROJECT_VERSION = 1;
				GENERATE_INFOPLIST_FILE = YES;
				INFOPLIST_FILE = "Test-SCEP-repo/Info.plist";
				INFOPLIST_KEY_UIApplicationSupportsIndirectInputEvents = YES;
				INFOPLIST_KEY_UILaunchStoryboardName = LaunchScreen;
				INFOPLIST_KEY_UIMainStoryboardFile = Main;
				INFOPLIST_KEY_UISupportedInterfaceOrientations_iPad = "UIInterfaceOrientationPortrait UIInterfaceOrientationPortraitUpsideDown UIInterfaceOrientationLandscapeLeft UIInterfaceOrientationLandscapeRight";
				INFOPLIST_KEY_UISupportedInterfaceOrientations_iPhone = "UIInterfaceOrientationPortrait UIInterfaceOrientationLandscapeLeft UIInterfaceOrientationLandscapeRight";
				LD_RUNPATH_SEARCH_PATHS = (
					"$(inherited)",
					"@executable_path/Frameworks",
				);
				MARKETING_VERSION = 1.0;
				PRODUCT_BUNDLE_IDENTIFIER = "scep.Test-SCEP-repo";
				PRODUCT_NAME = "$(TARGET_NAME)";
				SWIFT_EMIT_LOC_STRINGS = YES;
				SWIFT_VERSION = 5.0;
				TARGETED_DEVICE_FAMILY = "1,2";
			};
			name = Debug;
		};
		4A02E11E2C40728C00896A4E /* Release */ = {
			isa = XCBuildConfiguration;
			buildSettings = {
				ASSETCATALOG_COMPILER_APPICON_NAME = AppIcon;
				ASSETCATALOG_COMPILER_GLOBAL_ACCENT_COLOR_NAME = AccentColor;
				CODE_SIGN_STYLE = Automatic;
				CURRENT_PROJECT_VERSION = 1;
				GENERATE_INFOPLIST_FILE = YES;
				INFOPLIST_FILE = "Test-SCEP-repo/Info.plist";
				INFOPLIST_KEY_UIApplicationSupportsIndirectInputEvents = YES;
				INFOPLIST_KEY_UILaunchStoryboardName = LaunchScreen;
				INFOPLIST_KEY_UIMainStoryboardFile = Main;
				INFOPLIST_KEY_UISupportedInterfaceOrientations_iPad = "UIInterfaceOrientationPortrait UIInterfaceOrientationPortraitUpsideDown UIInterfaceOrientationLandscapeLeft UIInterfaceOrientationLandscapeRight";
				INFOPLIST_KEY_UISupportedInterfaceOrientations_iPhone = "UIInterfaceOrientationPortrait UIInterfaceOrientationLandscapeLeft UIInterfaceOrientationLandscapeRight";
				LD_RUNPATH_SEARCH_PATHS = (
					"$(inherited)",
					"@executable_path/Frameworks",
				);
				MARKETING_VERSION = 1.0;
				PRODUCT_BUNDLE_IDENTIFIER = "scep.Test-SCEP-repo";
				PRODUCT_NAME = "$(TARGET_NAME)";
				SWIFT_EMIT_LOC_STRINGS = YES;
				SWIFT_VERSION = 5.0;
				TARGETED_DEVICE_FAMILY = "1,2";
			};
			name = Release;
		};
		4A02E1202C40728C00896A4E /* Debug */ = {
			isa = XCBuildConfiguration;
			buildSettings = {
				ALWAYS_EMBED_SWIFT_STANDARD_LIBRARIES = YES;
				BUNDLE_LOADER = "$(TEST_HOST)";
				CODE_SIGN_STYLE = Automatic;
				CURRENT_PROJECT_VERSION = 1;
				GENERATE_INFOPLIST_FILE = YES;
				IPHONEOS_DEPLOYMENT_TARGET = 17.2;
				MARKETING_VERSION = 1.0;
				PRODUCT_BUNDLE_IDENTIFIER = "scep.Test-SCEP-repoTests";
				PRODUCT_NAME = "$(TARGET_NAME)";
				SWIFT_EMIT_LOC_STRINGS = NO;
				SWIFT_VERSION = 5.0;
				TARGETED_DEVICE_FAMILY = "1,2";
				TEST_HOST = "$(BUILT_PRODUCTS_DIR)/Test-SCEP-repo.app/$(BUNDLE_EXECUTABLE_FOLDER_PATH)/Test-SCEP-repo";
			};
			name = Debug;
		};
		4A02E1212C40728C00896A4E /* Release */ = {
			isa = XCBuildConfiguration;
			buildSettings = {
				ALWAYS_EMBED_SWIFT_STANDARD_LIBRARIES = YES;
				BUNDLE_LOADER = "$(TEST_HOST)";
				CODE_SIGN_STYLE = Automatic;
				CURRENT_PROJECT_VERSION = 1;
				GENERATE_INFOPLIST_FILE = YES;
				IPHONEOS_DEPLOYMENT_TARGET = 17.2;
				MARKETING_VERSION = 1.0;
				PRODUCT_BUNDLE_IDENTIFIER = "scep.Test-SCEP-repoTests";
				PRODUCT_NAME = "$(TARGET_NAME)";
				SWIFT_EMIT_LOC_STRINGS = NO;
				SWIFT_VERSION = 5.0;
				TARGETED_DEVICE_FAMILY = "1,2";
				TEST_HOST = "$(BUILT_PRODUCTS_DIR)/Test-SCEP-repo.app/$(BUNDLE_EXECUTABLE_FOLDER_PATH)/Test-SCEP-repo";
			};
			name = Release;
		};
		4A02E1232C40728C00896A4E /* Debug */ = {
			isa = XCBuildConfiguration;
			buildSettings = {
				ALWAYS_EMBED_SWIFT_STANDARD_LIBRARIES = YES;
				CODE_SIGN_STYLE = Automatic;
				CURRENT_PROJECT_VERSION = 1;
				GENERATE_INFOPLIST_FILE = YES;
				MARKETING_VERSION = 1.0;
				PRODUCT_BUNDLE_IDENTIFIER = "scep.Test-SCEP-repoUITests";
				PRODUCT_NAME = "$(TARGET_NAME)";
				SWIFT_EMIT_LOC_STRINGS = NO;
				SWIFT_VERSION = 5.0;
				TARGETED_DEVICE_FAMILY = "1,2";
				TEST_TARGET_NAME = "Test-SCEP-repo";
			};
			name = Debug;
		};
		4A02E1242C40728C00896A4E /* Release */ = {
			isa = XCBuildConfiguration;
			buildSettings = {
				ALWAYS_EMBED_SWIFT_STANDARD_LIBRARIES = YES;
				CODE_SIGN_STYLE = Automatic;
				CURRENT_PROJECT_VERSION = 1;
				GENERATE_INFOPLIST_FILE = YES;
				MARKETING_VERSION = 1.0;
				PRODUCT_BUNDLE_IDENTIFIER = "scep.Test-SCEP-repoUITests";
				PRODUCT_NAME = "$(TARGET_NAME)";
				SWIFT_EMIT_LOC_STRINGS = NO;
				SWIFT_VERSION = 5.0;
				TARGETED_DEVICE_FAMILY = "1,2";
				TEST_TARGET_NAME = "Test-SCEP-repo";
			};
			name = Release;
		};
/* End XCBuildConfiguration section */

/* Begin XCConfigurationList section */
		4A02E0ED2C40728A00896A4E /* Build configuration list for PBXProject "Test-SCEP-repo" */ = {
			isa = XCConfigurationList;
			buildConfigurations = (
				4A02E11A2C40728C00896A4E /* Debug */,
				4A02E11B2C40728C00896A4E /* Release */,
			);
			defaultConfigurationIsVisible = 0;
			defaultConfigurationName = Release;
		};
		4A02E11C2C40728C00896A4E /* Build configuration list for PBXNativeTarget "Test-SCEP-repo" */ = {
			isa = XCConfigurationList;
			buildConfigurations = (
				4A02E11D2C40728C00896A4E /* Debug */,
				4A02E11E2C40728C00896A4E /* Release */,
			);
			defaultConfigurationIsVisible = 0;
			defaultConfigurationName = Release;
		};
		4A02E11F2C40728C00896A4E /* Build configuration list for PBXNativeTarget "Test-SCEP-repoTests" */ = {
			isa = XCConfigurationList;
			buildConfigurations = (
				4A02E1202C40728C00896A4E /* Debug */,
				4A02E1212C40728C00896A4E /* Release */,
			);
			defaultConfigurationIsVisible = 0;
			defaultConfigurationName = Release;
		};
		4A02E1222C40728C00896A4E /* Build configuration list for PBXNativeTarget "Test-SCEP-repoUITests" */ = {
			isa = XCConfigurationList;
			buildConfigurations = (
				4A02E1232C40728C00896A4E /* Debug */,
				4A02E1242C40728C00896A4E /* Release */,
			);
			defaultConfigurationIsVisible = 0;
			defaultConfigurationName = Release;
		};
/* End XCConfigurationList section */
	};
	rootObject = 4A02E0EA2C40728A00896A4E /* Project object */;
}
